{
  "lib/chainlink": {
    "tag": {
      "name": "v2.34.0",
      "rev": "638456240b497dbd9f6b1d016df93fe5a48c74d0"
    }
  },
  "lib/forge-std": {
    "tag": {
      "name": "v1.14.0",
      "rev": "1801b0541f4fda118a10798fd3486bb7051c5dd6"
    }
  },
  "lib/openzeppelin-contracts": {
    "tag": {
      "name": "v5.5.0",
      "rev": "fcbae5394ae8ad52d8e580a3477db99814b9d565"
    }
  },
  "lib/openzeppelin-contracts-upgradeable": {
    "tag": {
      "name": "v5.5.0",
      "rev": "aa677e9d28ed78fc427ec47ba2baef2030c58e7c"
    }
  }
}